{
  "version": "5",
  "specifiers": {
    "jsr:@valibot/valibot@1": "1.5.0"
  },
  "jsr": {
    "@valibot/valibot@1.5.0": {
      "integrity": "126dc8e2235f19a6c23f3c14a7cec7b1f0d1876babee2c77a3436d42c5429af3"
    }
  },
  "workspace": {
    "dependencies": [
      "jsr:@valibot/valibot@1"
    ],
    "links": {
      "jsr:@fishenv/http-contract@0.1.0": {
        "dependencies": [
          "jsr:@std/assert@1",
          "jsr:@std/testing@1",
          "jsr:@valibot/valibot@1"
        ]
      },
      "jsr:@fishenv/http/core": {
        "dependencies": [
          "jsr:@std/assert@1",
          "jsr:@std/media-types@1",
          "jsr:@std/path@1",
          "jsr:@std/testing@1",
          "jsr:@valibot/valibot@1"
        ]
      }
    }
  }
}
